
Microsoft Visual Studio Solution File, Format Version 12.00
# Visual Studio Version 16
VisualStudioVersion = 16.0.31112.23
MinimumVisualStudioVersion = 10.0.40219.1
Project("{888888A0-9F3D-457C-B088-3A5042F75D52}") = "KUAILAB", "KUAILAB\KUAILAB.pyproj", "{960C0CC6-AAA1-4D78-9A31-4D1BDB13A2F2}"
EndProject
Global
	GlobalSection(SolutionConfigurationPlatforms) = preSolution
		Debug|Any CPU = Debug|Any CPU
		Release|Any CPU = Release|Any CPU
	EndGlobalSection
	GlobalSection(ProjectConfigurationPlatforms) = postSolution
		{960C0CC6-AAA1-4D78-9A31-4D1BDB13A2F2}.Debug|Any CPU.ActiveCfg = Debug|Any CPU
		{960C0CC6-AAA1-4D78-9A31-4D1BDB13A2F2}.Release|Any CPU.ActiveCfg = Release|Any CPU
	EndGlobalSection
	GlobalSection(SolutionProperties) = preSolution
		HideSolutionNode = FALSE
	EndGlobalSection
	GlobalSection(ExtensibilityGlobals) = postSolution
		SolutionGuid = {97120B8B-0217-4FE2-AFB8-F7F1AFECF821}
	EndGlobalSection
EndGlobal
